{"1.2.0",
[{<<"acceptor_pool">>,{pkg,<<"acceptor_pool">>,<<"1.0.0">>},1},
 {<<"chatterbox">>,{pkg,<<"ts_chatterbox">>,<<"0.16.0">>},1},
 {<<"ctx">>,{pkg,<<"ctx">>,<<"0.6.0">>},1},
 {<<"ecpool">>,
  {git,"https://github.com/emqx/ecpool",
       {ref,"7f696f5b5ac618b788ebc0a7a0d7035ca4c608f1"}},
  0},
 {<<"gproc">>,{pkg,<<"gproc">>,<<"1.0.0">>},1},
 {<<"grpcbox">>,{pkg,<<"grpcbox">>,<<"0.18.0">>},0},
 {<<"hpack">>,{pkg,<<"hpack_erl">>,<<"0.3.0">>},2}]}.
[
{pkg_hash,[
 {<<"acceptor_pool">>, <<"43C20D2ACAE35F0C2BCD64F9D2BDE267E459F0F3FD23DAB26485BF518C281B21">>},
 {<<"chatterbox">>, <<"9D062F566235B6DEB5FF94C4A4EB332B7CFF28D9CCF281B91DE10FE74E1F59FE">>},
 {<<"ctx">>, <<"8FF88B70E6400C4DF90142E7F130625B82086077A45364A78D208ED3ED53C7FE">>},
 {<<"gproc">>, <<"AA9EC57F6C9FF065B16D96924168D7C7157CD1FD457680EFE4B1274F456FA500">>},
 {<<"grpcbox">>, <<"CCC14EC546509E0952D406EF626C5856B68D36A40BE6040FA444B375B33BD14F">>},
 {<<"hpack">>, <<"2461899CC4AB6A0EF8E970C1661C5FC6A52D3C25580BC6DD204F84CE94669926">>}]},
{pkg_hash_ext,[
 {<<"acceptor_pool">>, <<"0CBCD83FDC8B9AD2EEE2067EF8B91A14858A5883CB7CD800E6FCD5803E158788">>},
 {<<"chatterbox">>, <<"34C145C702F3A8D22F49A189EB34579EF3DB68F9A98A82D19B5CF6E390AAD54F">>},
 {<<"ctx">>, <<"A14ED2D1B67723DBEBBE423B28D7615EB0BDCBA6FF28F2D1F1B0A7E1D4AA5FC2">>},
 {<<"gproc">>, <<"109F253C2787DE8A371A51179D4973230CBEC6239EE673FA12216A5CE7E4F902">>},
 {<<"grpcbox">>, <<"5EC9F8FE664AB51201B32C117A61511A1F9D6316771E3891BA8A88D289A732AB">>},
 {<<"hpack">>, <<"D6137D7079169D8C485C6962DFE261AF5B9EF60FBC557344511C1E65E3D95FB0">>}]}
].
